
Microsoft Visual Studio Solution File, Format Version 12.00
# Visual Studio Version 17
VisualStudioVersion = 17.8.34309.116
MinimumVisualStudioVersion = 10.0.40219.1
Project("{FAE04EC0-301F-11D3-BF4B-00C04F79EFBC}") = "JobTypeMgt", "JobTypeMgt\JobTypeMgt.csproj", "{F82BF017-D8F3-424C-9600-D3F5FAA43491}"
EndProject
Global
	GlobalSection(SolutionConfigurationPlatforms) = preSolution
		Debug|Any CPU = Debug|Any CPU
		Release|Any CPU = Release|Any CPU
	EndGlobalSection
	GlobalSection(ProjectConfigurationPlatforms) = postSolution
		{F82BF017-D8F3-424C-9600-D3F5FAA43491}.Debug|Any CPU.ActiveCfg = Debug|Any CPU
		{F82BF017-D8F3-424C-9600-D3F5FAA43491}.Debug|Any CPU.Build.0 = Debug|Any CPU
		{F82BF017-D8F3-424C-9600-D3F5FAA43491}.Release|Any CPU.ActiveCfg = Release|Any CPU
		{F82BF017-D8F3-424C-9600-D3F5FAA43491}.Release|Any CPU.Build.0 = Release|Any CPU
	EndGlobalSection
	GlobalSection(SolutionProperties) = preSolution
		HideSolutionNode = FALSE
	EndGlobalSection
	GlobalSection(ExtensibilityGlobals) = postSolution
		SolutionGuid = {0607C277-33F6-4F7E-AAF2-5CF234F5827D}
	EndGlobalSection
EndGlobal
